github.com/gin-gonic/gin v1.9.1 h1:abc=
github.com/gin-gonic/gin v1.9.1/go.mod h1:def=
github.com/go-playground/validator/v10 v10.16.0 h1:ghi=
github.com/go-playground/validator/v10 v10.16.0/go.mod h1:jkl=
golang.org/x/crypto v0.16.0 h1:mno=
golang.org/x/crypto v0.16.0/go.mod h1:pqr=
github.com/stretchr/testify v1.8.4 h1:stu=
github.com/stretchr/testify v1.8.4/go.mod h1:vwx=
